Microsoft Visual Studio Solution File, Format Version 12.00
# Visual Studio 15
VisualStudioVersion = 15.0.27130.2026
MinimumVisualStudioVersion = 15.0.26124.0
Project("{9A19103F-16F7-4668-BE54-9A1E7A4F7556}") = "EOpt", "EOptimization\EOpt.csproj", "{CF4C80C8-86E4-41D3-B4BE-BE6F10DB3347}"
EndProject
Project("{9A19103F-16F7-4668-BE54-9A1E7A4F7556}") = "EOptTests", "EOptimizationTests\EOptTests.csproj", "{59A93816-B0D1-4E0C-8EBD-7214B1DAFDEB}"
EndProject
Project("{9A19103F-16F7-4668-BE54-9A1E7A4F7556}") = "Example", "Example\Example.csproj", "{97FBB620-6B59-4AD7-9C50-EA3C590EDFDE}"
EndProject
Global
	GlobalSection(SolutionConfigurationPlatforms) = preSolution
		Debug|Any CPU = Debug|Any CPU
		Debug|x64 = Debug|x64
		Debug|x86 = Debug|x86
		Release|Any CPU = Release|Any CPU
		Release|x64 = Release|x64
		Release|x86 = Release|x86
	EndGlobalSection
	GlobalSection(ProjectConfigurationPlatforms) = postSolution
		{CF4C80C8-86E4-41D3-B4BE-BE6F10DB3347}.Debug|Any CPU.ActiveCfg = Debug|Any CPU
		{CF4C80C8-86E4-41D3-B4BE-BE6F10DB3347}.Debug|Any CPU.Build.0 = Debug|Any CPU
		{CF4C80C8-86E4-41D3-B4BE-BE6F10DB3347}.Debug|x64.ActiveCfg = Debug|Any CPU
		{CF4C80C8-86E4-41D3-B4BE-BE6F10DB3347}.Debug|x64.Build.0 = Debug|Any CPU
		{CF4C80C8-86E4-41D3-B4BE-BE6F10DB3347}.Debug|x86.ActiveCfg = Debug|Any CPU
		{CF4C80C8-86E4-41D3-B4BE-BE6F10DB3347}.Debug|x86.Build.0 = Debug|Any CPU
		{CF4C80C8-86E4-41D3-B4BE-BE6F10DB3347}.Release|Any CPU.ActiveCfg = Release|Any CPU
		{CF4C80C8-86E4-41D3-B4BE-BE6F10DB3347}.Release|Any CPU.Build.0 = Release|Any CPU
		{CF4C80C8-86E4-41D3-B4BE-BE6F10DB3347}.Release|x64.ActiveCfg = Release|Any CPU
		{CF4C80C8-86E4-41D3-B4BE-BE6F10DB3347}.Release|x64.Build.0 = Release|Any CPU
		{CF4C80C8-86E4-41D3-B4BE-BE6F10DB3347}.Release|x86.ActiveCfg = Release|Any CPU
		{CF4C80C8-86E4-41D3-B4BE-BE6F10DB3347}.Release|x86.Build.0 = Release|Any CPU
		{59A93816-B0D1-4E0C-8EBD-7214B1DAFDEB}.Debug|Any CPU.ActiveCfg = Debug|Any CPU
		{59A93816-B0D1-4E0C-8EBD-7214B1DAFDEB}.Debug|Any CPU.Build.0 = Debug|Any CPU
		{59A93816-B0D1-4E0C-8EBD-7214B1DAFDEB}.Debug|x64.ActiveCfg = Debug|Any CPU
		{59A93816-B0D1-4E0C-8EBD-7214B1DAFDEB}.Debug|x64.Build.0 = Debug|Any CPU
		{59A93816-B0D1-4E0C-8EBD-7214B1DAFDEB}.Debug|x86.ActiveCfg = Debug|Any CPU
		{59A93816-B0D1-4E0C-8EBD-7214B1DAFDEB}.Debug|x86.Build.0 = Debug|Any CPU
		{59A93816-B0D1-4E0C-8EBD-7214B1DAFDEB}.Release|Any CPU.ActiveCfg = Release|Any CPU
		{59A93816-B0D1-4E0C-8EBD-7214B1DAFDEB}.Release|Any CPU.Build.0 = Release|Any CPU
		{59A93816-B0D1-4E0C-8EBD-7214B1DAFDEB}.Release|x64.ActiveCfg = Release|Any CPU
		{59A93816-B0D1-4E0C-8EBD-7214B1DAFDEB}.Release|x64.Build.0 = Release|Any CPU
		{59A93816-B0D1-4E0C-8EBD-7214B1DAFDEB}.Release|x86.ActiveCfg = Release|Any CPU
		{59A93816-B0D1-4E0C-8EBD-7214B1DAFDEB}.Release|x86.Build.0 = Release|Any CPU
		{97FBB620-6B59-4AD7-9C50-EA3C590EDFDE}.Debug|Any CPU.ActiveCfg = Debug|Any CPU
		{97FBB620-6B59-4AD7-9C50-EA3C590EDFDE}.Debug|Any CPU.Build.0 = Debug|Any CPU
		{97FBB620-6B59-4AD7-9C50-EA3C590EDFDE}.Debug|x64.ActiveCfg = Debug|Any CPU
		{97FBB620-6B59-4AD7-9C50-EA3C590EDFDE}.Debug|x64.Build.0 = Debug|Any CPU
		{97FBB620-6B59-4AD7-9C50-EA3C590EDFDE}.Debug|x86.ActiveCfg = Debug|Any CPU
		{97FBB620-6B59-4AD7-9C50-EA3C590EDFDE}.Debug|x86.Build.0 = Debug|Any CPU
		{97FBB620-6B59-4AD7-9C50-EA3C590EDFDE}.Release|Any CPU.ActiveCfg = Release|Any CPU
		{97FBB620-6B59-4AD7-9C50-EA3C590EDFDE}.Release|Any CPU.Build.0 = Release|Any CPU
		{97FBB620-6B59-4AD7-9C50-EA3C590EDFDE}.Release|x64.ActiveCfg = Release|Any CPU
		{97FBB620-6B59-4AD7-9C50-EA3C590EDFDE}.Release|x64.Build.0 = Release|Any CPU
		{97FBB620-6B59-4AD7-9C50-EA3C590EDFDE}.Release|x86.ActiveCfg = Release|Any CPU
		{97FBB620-6B59-4AD7-9C50-EA3C590EDFDE}.Release|x86.Build.0 = Release|Any CPU
	EndGlobalSection
	GlobalSection(SolutionProperties) = preSolution
		HideSolutionNode = FALSE
	EndGlobalSection
	GlobalSection(ExtensibilityGlobals) = postSolution
		SolutionGuid = {335C247E-8971-44B8-AFF5-1AA212116126}
	EndGlobalSection
EndGlobal
